// !$*UTF8*$!
{
	archiveVersion = 1;
	classes = {
	};
	objectVersion = 46;
	objects = {

/* Begin PBXBuildFile section */
		9110939A19D7523C004D83F3 /* BankAccountModel.swift in Sources */ = {isa = PBXBuildFile; fileRef = 9110939919D7523C004D83F3 /* BankAccountModel.swift */; };
		99B45CEE19D1041B00C44937 /* AppDelegate.swift in Sources */ = {isa = PBXBuildFile; fileRef = 99B45CED19D1041B00C44937 /* AppDelegate.swift */; };
		99B45CF019D1041B00C44937 /* ViewController.swift in Sources */ = {isa = PBXBuildFile; fileRef = 99B45CEF19D1041B00C44937 /* ViewController.swift */; };
		99B45CF319D1041B00C44937 /* Main.storyboard in Resources */ = {isa = PBXBuildFile; fileRef = 99B45CF119D1041B00C44937 /* Main.storyboard */; };
		99B45CF519D1041B00C44937 /* Images.xcassets in Resources */ = {isa = PBXBuildFile; fileRef = 99B45CF419D1041B00C44937 /* Images.xcassets */; };
		99B45CF819D1041B00C44937 /* LaunchScreen.xib in Resources */ = {isa = PBXBuildFile; fileRef = 99B45CF619D1041B00C44937 /* LaunchScreen.xib */; };
		99B45D0419D1041B00C44937 /* demoTests.swift in Sources */ = {isa = PBXBuildFile; fileRef = 99B45D0319D1041B00C44937 /* demoTests.swift */; };
/* End PBXBuildFile section */

/* Begin PBXContainerItemProxy section */
		99B45CFE19D1041B00C44937 /* PBXContainerItemProxy */ = {
			isa = PBXContainerItemProxy;
			containerPortal = 99B45CE019D1041B00C44937 /* Project object */;
			proxyType = 1;
			remoteGlobalIDString = 99B45CE719D1041B00C44937;
			remoteInfo = demo;
		};
/* End PBXContainerItemProxy section */

/* Begin PBXFileReference section */
		9110939919D7523C004D83F3 /* BankAccountModel.swift */ = {isa = PBXFileReference; fileEncoding = 4; lastKnownFileType = sourcecode.swift; path = BankAccountModel.swift; sourceTree = "<group>"; };
		99B45CE819D1041B00C44937 /* demo.app */ = {isa = PBXFileReference; explicitFileType = wrapper.application; includeInIndex = 0; path = demo.app; sourceTree = BUILT_PRODUCTS_DIR; };
		99B45CEC19D1041B00C44937 /* Info.plist */ = {isa = PBXFileReference; lastKnownFileType = text.plist.xml; path = Info.plist; sourceTree = "<group>"; };
		99B45CED19D1041B00C44937 /* AppDelegate.swift */ = {isa = PBXFileReference; lastKnownFileType = sourcecode.swift; path = AppDelegate.swift; sourceTree = "<group>"; };
		99B45CEF19D1041B00C44937 /* ViewController.swift */ = {isa = PBXFileReference; lastKnownFileType = sourcecode.swift; path = ViewController.swift; sourceTree = "<group>"; };
		99B45CF219D1041B00C44937 /* Base */ = {isa = PBXFileReference; lastKnownFileType = file.storyboard; name = Base; path = Base.lproj/Main.storyboard; sourceTree = "<group>"; };
		99B45CF419D1041B00C44937 /* Images.xcassets */ = {isa = PBXFileReference; lastKnownFileType = folder.assetcatalog; path = Images.xcassets; sourceTree = "<group>"; };
		99B45CF719D1041B00C44937 /* Base */ = {isa = PBXFileReference; lastKnownFileType = file.xib; name = Base; path = Base.lproj/LaunchScreen.xib; sourceTree = "<group>"; };
		99B45CFD19D1041B00C44937 /* demoTests.xctest */ = {isa = PBXFileReference; explicitFileType = wrapper.cfbundle; includeInIndex = 0; path = demoTests.xctest; sourceTree = BUILT_PRODUCTS_DIR; };
		99B45D0219D1041B00C44937 /* Info.plist */ = {isa = PBXFileReference; lastKnownFileType = text.plist.xml; path = Info.plist; sourceTree = "<group>"; };
		99B45D0319D1041B00C44937 /* demoTests.swift */ = {isa = PBXFileReference; lastKnownFileType = sourcecode.swift; path = demoTests.swift; sourceTree = "<group>"; };
/* End PBXFileReference section */

/* Begin PBXFrameworksBuildPhase section */
		99B45CE519D1041B00C44937 /* Frameworks */ = {
			isa = PBXFrameworksBuildPhase;
			buildActionMask = 2147483647;
			files = (
			);
			runOnlyForDeploymentPostprocessing = 0;
		};
		99B45CFA19D1041B00C44937 /* Frameworks */ = {
			isa = PBXFrameworksBuildPhase;
			buildActionMask = 2147483647;
			files = (
			);
			runOnlyForDeploymentPostprocessing = 0;
		};
/* End PBXFrameworksBuildPhase section */

/* Begin PBXGroup section */
		99B45CDF19D1041B00C44937 = {
			isa = PBXGroup;
			children = (
				99B45CEA19D1041B00C44937 /* demo */,
				99B45D0019D1041B00C44937 /* demoTests */,
				99B45CE919D1041B00C44937 /* Products */,
			);
			sourceTree = "<group>";
		};
		99B45CE919D1041B00C44937 /* Products */ = {
			isa = PBXGroup;
			children = (
				99B45CE819D1041B00C44937 /* demo.app */,
				99B45CFD19D1041B00C44937 /* demoTests.xctest */,
			);
			name = Products;
			sourceTree = "<group>";
		};
		99B45CEA19D1041B00C44937 /* demo */ = {
			isa = PBXGroup;
			children = (
				99B45CED19D1041B00C44937 /* AppDelegate.swift */,
				99B45CEF19D1041B00C44937 /* ViewController.swift */,
				99B45CF119D1041B00C44937 /* Main.storyboard */,
				9110939919D7523C004D83F3 /* BankAccountModel.swift */,
				99B45CF419D1041B00C44937 /* Images.xcassets */,
				99B45CF619D1041B00C44937 /* LaunchScreen.xib */,
				99B45CEB19D1041B00C44937 /* Supporting Files */,
			);
			path = demo;
			sourceTree = "<group>";
		};
		99B45CEB19D1041B00C44937 /* Supporting Files */ = {
			isa = PBXGroup;
			children = (
				99B45CEC19D1041B00C44937 /* Info.plist */,
			);
			name = "Supporting Files";
			sourceTree = "<group>";
		};
		99B45D0019D1041B00C44937 /* demoTests */ = {
			isa = PBXGroup;
			children = (
				99B45D0319D1041B00C44937 /* demoTests.swift */,
				99B45D0119D1041B00C44937 /* Supporting Files */,
			);
			path = demoTests;
			sourceTree = "<group>";
		};
		99B45D0119D1041B00C44937 /* Supporting Files */ = {
			isa = PBXGroup;
			children = (
				99B45D0219D1041B00C44937 /* Info.plist */,
			);
			name = "Supporting Files";
			sourceTree = "<group>";
		};
/* End PBXGroup section */

/* Begin PBXNativeTarget section */
		99B45CE719D1041B00C44937 /* demo */ = {
			isa = PBXNativeTarget;
			buildConfigurationList = 99B45D0719D1041B00C44937 /* Build configuration list for PBXNativeTarget "demo" */;
			buildPhases = (
				99B45CE419D1041B00C44937 /* Sources */,
				99B45CE519D1041B00C44937 /* Frameworks */,
				99B45CE619D1041B00C44937 /* Resources */,
			);
			buildRules = (
			);
			dependencies = (
			);
			name = demo;
			productName = demo;
			productReference = 99B45CE819D1041B00C44937 /* demo.app */;
			productType = "com.apple.product-type.application";
		};
		99B45CFC19D1041B00C44937 /* demoTests */ = {
			isa = PBXNativeTarget;
			buildConfigurationList = 99B45D0A19D1041B00C44937 /* Build configuration list for PBXNativeTarget "demoTests" */;
			buildPhases = (
				99B45CF919D1041B00C44937 /* Sources */,
				99B45CFA19D1041B00C44937 /* Frameworks */,
				99B45CFB19D1041B00C44937 /* Resources */,
			);
			buildRules = (
			);
			dependencies = (
				99B45CFF19D1041B00C44937 /* PBXTargetDependency */,
			);
			name = demoTests;
			productName = demoTests;
			productReference = 99B45CFD19D1041B00C44937 /* demoTests.xctest */;
			productType = "com.apple.product-type.bundle.unit-test";
		};
/* End PBXNativeTarget section */

/* Begin PBXProject section */
		99B45CE019D1041B00C44937 /* Project object */ = {
			isa = PBXProject;
			attributes = {
				LastUpgradeCheck = 0600;
				ORGANIZATIONNAME = "Eitan Mendelowitz";
				TargetAttributes = {
					99B45CE719D1041B00C44937 = {
						CreatedOnToolsVersion = 6.0;
					};
					99B45CFC19D1041B00C44937 = {
						CreatedOnToolsVersion = 6.0;
						TestTargetID = 99B45CE719D1041B00C44937;
					};
				};
			};
			buildConfigurationList = 99B45CE319D1041B00C44937 /* Build configuration list for PBXProject "demo" */;
			compatibilityVersion = "Xcode 3.2";
			developmentRegion = English;
			hasScannedForEncodings = 0;
			knownRegions = (
				en,
				Base,
			);
			mainGroup = 99B45CDF19D1041B00C44937;
			productRefGroup = 99B45CE919D1041B00C44937 /* Products */;
			projectDirPath = "";
			projectRoot = "";
			targets = (
				99B45CE719D1041B00C44937 /* demo */,
				99B45CFC19D1041B00C44937 /* demoTests */,
			);
		};
/* End PBXProject section */

/* Begin PBXResourcesBuildPhase section */
		99B45CE619D1041B00C44937 /* Resources */ = {
			isa = PBXResourcesBuildPhase;
			buildActionMask = 2147483647;
			files = (
				99B45CF319D1041B00C44937 /* Main.storyboard in Resources */,
				99B45CF819D1041B00C44937 /* LaunchScreen.xib in Resources */,
				99B45CF519D1041B00C44937 /* Images.xcassets in Resources */,
			);
			runOnlyForDeploymentPostprocessing = 0;
		};
		99B45CFB19D1041B00C44937 /* Resources */ = {
			isa = PBXResourcesBuildPhase;
			buildActionMask = 2147483647;
			files = (
			);
			runOnlyForDeploymentPostprocessing = 0;
		};
/* End PBXResourcesBuildPhase section */

/* Begin PBXSourcesBuildPhase section */
		99B45CE419D1041B00C44937 /* Sources */ = {
			isa = PBXSourcesBuildPhase;
			buildActionMask = 2147483647;
			files = (
				99B45CF019D1041B00C44937 /* ViewController.swift in Sources */,
				9110939A19D7523C004D83F3 /* BankAccountModel.swift in Sources */,
				99B45CEE19D1041B00C44937 /* AppDelegate.swift in Sources */,
			);
			runOnlyForDeploymentPostprocessing = 0;
		};
		99B45CF919D1041B00C44937 /* Sources */ = {
			isa = PBXSourcesBuildPhase;
			buildActionMask = 2147483647;
			files = (
				99B45D0419D1041B00C44937 /* demoTests.swift in Sources */,
			);
			runOnlyForDeploymentPostprocessing = 0;
		};
/* End PBXSourcesBuildPhase section */

/* Begin PBXTargetDependency section */
		99B45CFF19D1041B00C44937 /* PBXTargetDependency */ = {
			isa = PBXTargetDependency;
			target = 99B45CE719D1041B00C44937 /* demo */;
			targetProxy = 99B45CFE19D1041B00C44937 /* PBXContainerItemProxy */;
		};
/* End PBXTargetDependency section */

/* Begin PBXVariantGroup section */
		99B45CF119D1041B00C44937 /* Main.storyboard */ = {
			isa = PBXVariantGroup;
			children = (
				99B45CF219D1041B00C44937 /* Base */,
			);
			name = Main.storyboard;
			sourceTree = "<group>";
		};
		99B45CF619D1041B00C44937 /* LaunchScreen.xib */ = {
			isa = PBXVariantGroup;
			children = (
				99B45CF719D1041B00C44937 /* Base */,
			);
			name = LaunchScreen.xib;
			sourceTree = "<group>";
		};
/* End PBXVariantGroup section */

/* Begin XCBuildConfiguration section */
		99B45D0519D1041B00C44937 /* Debug */ = {
			isa = XCBuildConfiguration;
			buildSettings = {
				ALWAYS_SEARCH_USER_PATHS = NO;
				CLANG_CXX_LANGUAGE_STANDARD = "gnu++0x";
				CLANG_CXX_LIBRARY = "libc++";
				CLANG_ENABLE_MODULES = YES;
				CLANG_ENABLE_OBJC_ARC = YES;
				CLANG_WARN_BOOL_CONVERSION = YES;
				CLANG_WARN_CONSTANT_CONVERSION = YES;
				CLANG_WARN_DIRECT_OBJC_ISA_USAGE = YES_ERROR;
				CLANG_WARN_EMPTY_BODY = YES;
				CLANG_WARN_ENUM_CONVERSION = YES;
				CLANG_WARN_INT_CONVERSION = YES;
				CLANG_WARN_OBJC_ROOT_CLASS = YES_ERROR;
				CLANG_WARN_UNREACHABLE_CODE = YES;
				CLANG_WARN__DUPLICATE_METHOD_MATCH = YES;
				"CODE_SIGN_IDENTITY[sdk=iphoneos*]" = "iPhone Developer";
				COPY_PHASE_STRIP = NO;
				ENABLE_STRICT_OBJC_MSGSEND = YES;
				GCC_C_LANGUAGE_STANDARD = gnu99;
				GCC_DYNAMIC_NO_PIC = NO;
				GCC_OPTIMIZATION_LEVEL = 0;
				GCC_PREPROCESSOR_DEFINITIONS = (
					"DEBUG=1",
					"$(inherited)",
				);
				GCC_SYMBOLS_PRIVATE_EXTERN = NO;
				GCC_WARN_64_TO_32_BIT_CONVERSION = YES;
				GCC_WARN_ABOUT_RETURN_TYPE = YES_ERROR;
				GCC_WARN_UNDECLARED_SELECTOR = YES;
				GCC_WARN_UNINITIALIZED_AUTOS = YES_AGGRESSIVE;
				GCC_WARN_UNUSED_FUNCTION = YES;
				GCC_WARN_UNUSED_VARIABLE = YES;
				IPHONEOS_DEPLOYMENT_TARGET = 8.0;
				MTL_ENABLE_DEBUG_INFO = YES;
				ONLY_ACTIVE_ARCH = YES;
				SDKROOT = iphoneos;
				SWIFT_OPTIMIZATION_LEVEL = "-Onone";
			};
			name = Debug;
		};
		99B45D0619D1041B00C44937 /* Release */ = {
			isa = XCBuildConfiguration;
			buildSettings = {
				ALWAYS_SEARCH_USER_PATHS = NO;
				CLANG_CXX_LANGUAGE_STANDARD = "gnu++0x";
				CLANG_CXX_LIBRARY = "libc++";
				CLANG_ENABLE_MODULES = YES;
				CLANG_ENABLE_OBJC_ARC = YES;
				CLANG_WARN_BOOL_CONVERSION = YES;
				CLANG_WARN_CONSTANT_CONVERSION = YES;
				CLANG_WARN_DIRECT_OBJC_ISA_USAGE = YES_ERROR;
				CLANG_WARN_EMPTY_BODY = YES;
				CLANG_WARN_ENUM_CONVERSION = YES;
				CLANG_WARN_INT_CONVERSION = YES;
				CLANG_WARN_OBJC_ROOT_CLASS = YES_ERROR;
				CLANG_WARN_UNREACHABLE_CODE = YES;
				CLANG_WARN__DUPLICATE_METHOD_MATCH = YES;
				"CODE_SIGN_IDENTITY[sdk=iphoneos*]" = "iPhone Developer";
				COPY_PHASE_STRIP = YES;
				ENABLE_NS_ASSERTIONS = NO;
				ENABLE_STRICT_OBJC_MSGSEND = YES;
				GCC_C_LANGUAGE_STANDARD = gnu99;
				GCC_WARN_64_TO_32_BIT_CONVERSION = YES;
				GCC_WARN_ABOUT_RETURN_TYPE = YES_ERROR;
				GCC_WARN_UNDECLARED_SELECTOR = YES;
				GCC_WARN_UNINITIALIZED_AUTOS = YES_AGGRESSIVE;
				GCC_WARN_UNUSED_FUNCTION = YES;
				GCC_WARN_UNUSED_VARIABLE = YES;
				IPHONEOS_DEPLOYMENT_TARGET = 8.0;
				MTL_ENABLE_DEBUG_INFO = NO;
				SDKROOT = iphoneos;
				VALIDATE_PRODUCT = YES;
			};
			name = Release;
		};
		99B45D0819D1041B00C44937 /* Debug */ = {
			isa = XCBuildConfiguration;
			buildSettings = {
				ASSETCATALOG_COMPILER_APPICON_NAME = AppIcon;
				INFOPLIST_FILE = demo/Info.plist;
				LD_RUNPATH_SEARCH_PATHS = "$(inherited) @executable_path/Frameworks";
				PRODUCT_NAME = "$(TARGET_NAME)";
			};
			name = Debug;
		};
		99B45D0919D1041B00C44937 /* Release */ = {
			isa = XCBuildConfiguration;
			buildSettings = {
				ASSETCATALOG_COMPILER_APPICON_NAME = AppIcon;
				INFOPLIST_FILE = demo/Info.plist;
				LD_RUNPATH_SEARCH_PATHS = "$(inherited) @executable_path/Frameworks";
				PRODUCT_NAME = "$(TARGET_NAME)";
			};
			name = Release;
		};
		99B45D0B19D1041B00C44937 /* Debug */ = {
			isa = XCBuildConfiguration;
			buildSettings = {
				BUNDLE_LOADER = "$(TEST_HOST)";
				FRAMEWORK_SEARCH_PATHS = (
					"$(SDKROOT)/Developer/Library/Frameworks",
					"$(inherited)",
				);
				GCC_PREPROCESSOR_DEFINITIONS = (
					"DEBUG=1",
					"$(inherited)",
				);
				INFOPLIST_FILE = demoTests/Info.plist;
				LD_RUNPATH_SEARCH_PATHS = "$(inherited) @executable_path/Frameworks @loader_path/Frameworks";
				PRODUCT_NAME = "$(TARGET_NAME)";
				TEST_HOST = "$(BUILT_PRODUCTS_DIR)/demo.app/demo";
			};
			name = Debug;
		};
		99B45D0C19D1041B00C44937 /* Release */ = {
			isa = XCBuildConfiguration;
			buildSettings = {
				BUNDLE_LOADER = "$(TEST_HOST)";
				FRAMEWORK_SEARCH_PATHS = (
					"$(SDKROOT)/Developer/Library/Frameworks",
					"$(inherited)",
				);
				INFOPLIST_FILE = demoTests/Info.plist;
				LD_RUNPATH_SEARCH_PATHS = "$(inherited) @executable_path/Frameworks @loader_path/Frameworks";
				PRODUCT_NAME = "$(TARGET_NAME)";
				TEST_HOST = "$(BUILT_PRODUCTS_DIR)/demo.app/demo";
			};
			name = Release;
		};
/* End XCBuildConfiguration section */

/* Begin XCConfigurationList section */
		99B45CE319D1041B00C44937 /* Build configuration list for PBXProject "demo" */ = {
			isa = XCConfigurationList;
			buildConfigurations = (
				99B45D0519D1041B00C44937 /* Debug */,
				99B45D0619D1041B00C44937 /* Release */,
			);
			defaultConfigurationIsVisible = 0;
			defaultConfigurationName = Release;
		};
		99B45D0719D1041B00C44937 /* Build configuration list for PBXNativeTarget "demo" */ = {
			isa = XCConfigurationList;
			buildConfigurations = (
				99B45D0819D1041B00C44937 /* Debug */,
				99B45D0919D1041B00C44937 /* Release */,
			);
			defaultConfigurationIsVisible = 0;
			defaultConfigurationName = Release;
		};
		99B45D0A19D1041B00C44937 /* Build configuration list for PBXNativeTarget "demoTests" */ = {
			isa = XCConfigurationList;
			buildConfigurations = (
				99B45D0B19D1041B00C44937 /* Debug */,
				99B45D0C19D1041B00C44937 /* Release */,
			);
			defaultConfigurationIsVisible = 0;
			defaultConfigurationName = Release;
		};
/* End XCConfigurationList section */
	};
	rootObject = 99B45CE019D1041B00C44937 /* Project object */;
}
